# THIS IS AN AUTOGENERATED FILE. DO NOT EDIT THIS FILE DIRECTLY.
# yarn lockfile v1


url-safe-base64@^1.1.1:
  version "1.1.1"
  resolved "https://registry.yarnpkg.com/url-safe-base64/-/url-safe-base64-1.1.1.tgz#1711596fbe18dcb4c95103234bf58df2ef225187"
  integrity sha512-7FAWxRcSliMIuLqDR7a6CHgH6Crkgl8lwLtuum4FmzlNLjWu3KVtcKN0C7VHpJOTgHZlqF6dH4gQpM+xwff7uw==
